// !$*UTF8*$!
{
	archiveVersion = 1;
	classes = {
	};
	objectVersion = 46;
	objects = {

/* Begin PBXBuildFile section */
		88ACEA41EB63C6290A16BA05 /* libPods.a in Frameworks */ = {isa = PBXBuildFile; fileRef = 213B8D2E5271A02E3BD03986 /* libPods.a */; };
		B05F06381C996AEF0048BB13 /* main.m in Sources */ = {isa = PBXBuildFile; fileRef = B05F06371C996AEF0048BB13 /* main.m */; };
		B05F063B1C996AEF0048BB13 /* AppDelegate.m in Sources */ = {isa = PBXBuildFile; fileRef = B05F063A1C996AEF0048BB13 /* AppDelegate.m */; };
		B05F063E1C996AEF0048BB13 /* ViewController.m in Sources */ = {isa = PBXBuildFile; fileRef = B05F063D1C996AEF0048BB13 /* ViewController.m */; };
		B05F06411C996AEF0048BB13 /* Main.storyboard in Resources */ = {isa = PBXBuildFile; fileRef = B05F063F1C996AEF0048BB13 /* Main.storyboard */; };
		B05F06431C996AEF0048BB13 /* Assets.xcassets in Resources */ = {isa = PBXBuildFile; fileRef = B05F06421C996AEF0048BB13 /* Assets.xcassets */; };
		B05F06461C996AEF0048BB13 /* LaunchScreen.storyboard in Resources */ = {isa = PBXBuildFile; fileRef = B05F06441C996AEF0048BB13 /* LaunchScreen.storyboard */; };
		B05F06511C996AEF0048BB13 /* TFNetworkTests.m in Sources */ = {isa = PBXBuildFile; fileRef = B05F06501C996AEF0048BB13 /* TFNetworkTests.m */; };
		B05F065C1C996AEF0048BB13 /* TFNetworkUITests.m in Sources */ = {isa = PBXBuildFile; fileRef = B05F065B1C996AEF0048BB13 /* TFNetworkUITests.m */; };
		B05F066D1C996D090048BB13 /* TFBaseRequest.m in Sources */ = {isa = PBXBuildFile; fileRef = B05F066C1C996D090048BB13 /* TFBaseRequest.m */; };
		B05F06701C996D2B0048BB13 /* TFBatchRequest.m in Sources */ = {isa = PBXBuildFile; fileRef = B05F066F1C996D2B0048BB13 /* TFBatchRequest.m */; };
		B05F06731C996D420048BB13 /* TFBatchRequestAgent.m in Sources */ = {isa = PBXBuildFile; fileRef = B05F06721C996D420048BB13 /* TFBatchRequestAgent.m */; };
		B05F06761C996D690048BB13 /* TFChainRequest.m in Sources */ = {isa = PBXBuildFile; fileRef = B05F06751C996D690048BB13 /* TFChainRequest.m */; };
		B05F06791C996D780048BB13 /* TFChainRequestAgent.m in Sources */ = {isa = PBXBuildFile; fileRef = B05F06781C996D780048BB13 /* TFChainRequestAgent.m */; };
		B05F067C1C996D890048BB13 /* TFNetworkAgent.m in Sources */ = {isa = PBXBuildFile; fileRef = B05F067B1C996D890048BB13 /* TFNetworkAgent.m */; };
		B05F067F1C996D9F0048BB13 /* TFNetworkConfig.m in Sources */ = {isa = PBXBuildFile; fileRef = B05F067E1C996D9F0048BB13 /* TFNetworkConfig.m */; };
		B05F06821C996DB50048BB13 /* TFNetworkPrivate.m in Sources */ = {isa = PBXBuildFile; fileRef = B05F06811C996DB50048BB13 /* TFNetworkPrivate.m */; };
		B05F06851C996DC80048BB13 /* TFRequest.m in Sources */ = {isa = PBXBuildFile; fileRef = B05F06841C996DC80048BB13 /* TFRequest.m */; };
		B05F068C1C9A7DBB0048BB13 /* GetWeiBoData.m in Sources */ = {isa = PBXBuildFile; fileRef = B05F068B1C9A7DBB0048BB13 /* GetWeiBoData.m */; };
		B05F068F1C9A9D5B0048BB13 /* NSData+TFNGZIP.m in Sources */ = {isa = PBXBuildFile; fileRef = B05F068E1C9A9D5B0048BB13 /* NSData+TFNGZIP.m */; };
		B09DD4191C9ABA39008F6B5A /* UserModel.m in Sources */ = {isa = PBXBuildFile; fileRef = B09DD4181C9ABA39008F6B5A /* UserModel.m */; };
		B09DD41D1C9AC7D7008F6B5A /* RegisterUser.m in Sources */ = {isa = PBXBuildFile; fileRef = B09DD41C1C9AC7D7008F6B5A /* RegisterUser.m */; };
		B09DD4201C9AD432008F6B5A /* TFUrlArgumentsFilter.m in Sources */ = {isa = PBXBuildFile; fileRef = B09DD41F1C9AD432008F6B5A /* TFUrlArgumentsFilter.m */; };
/* End PBXBuildFile section */

/* Begin PBXContainerItemProxy section */
		B05F064D1C996AEF0048BB13 /* PBXContainerItemProxy */ = {
			isa = PBXContainerItemProxy;
			containerPortal = B05F062B1C996AEF0048BB13 /* Project object */;
			proxyType = 1;
			remoteGlobalIDString = B05F06321C996AEF0048BB13;
			remoteInfo = TFNetwork;
		};
		B05F06581C996AEF0048BB13 /* PBXContainerItemProxy */ = {
			isa = PBXContainerItemProxy;
			containerPortal = B05F062B1C996AEF0048BB13 /* Project object */;
			proxyType = 1;
			remoteGlobalIDString = B05F06321C996AEF0048BB13;
			remoteInfo = TFNetwork;
		};
/* End PBXContainerItemProxy section */

/* Begin PBXFileReference section */
		213B8D2E5271A02E3BD03986 /* libPods.a */ = {isa = PBXFileReference; explicitFileType = archive.ar; includeInIndex = 0; path = libPods.a; sourceTree = BUILT_PRODUCTS_DIR; };
		B03133111CB49E07005E4E3D /* TFNetwork.h */ = {isa = PBXFileReference; fileEncoding = 4; lastKnownFileType = sourcecode.c.h; path = TFNetwork.h; sourceTree = "<group>"; };
		B05F06331C996AEF0048BB13 /* TFNetwork.app */ = {isa = PBXFileReference; explicitFileType = wrapper.application; includeInIndex = 0; path = TFNetwork.app; sourceTree = BUILT_PRODUCTS_DIR; };
		B05F06371C996AEF0048BB13 /* main.m */ = {isa = PBXFileReference; lastKnownFileType = sourcecode.c.objc; path = main.m; sourceTree = "<group>"; };
		B05F06391C996AEF0048BB13 /* AppDelegate.h */ = {isa = PBXFileReference; lastKnownFileType = sourcecode.c.h; path = AppDelegate.h; sourceTree = "<group>"; };
		B05F063A1C996AEF0048BB13 /* AppDelegate.m */ = {isa = PBXFileReference; lastKnownFileType = sourcecode.c.objc; path = AppDelegate.m; sourceTree = "<group>"; };
		B05F063C1C996AEF0048BB13 /* ViewController.h */ = {isa = PBXFileReference; lastKnownFileType = sourcecode.c.h; path = ViewController.h; sourceTree = "<group>"; };
		B05F063D1C996AEF0048BB13 /* ViewController.m */ = {isa = PBXFileReference; lastKnownFileType = sourcecode.c.objc; path = ViewController.m; sourceTree = "<group>"; };
		B05F06401C996AEF0048BB13 /* Base */ = {isa = PBXFileReference; lastKnownFileType = file.storyboard; name = Base; path = Base.lproj/Main.storyboard; sourceTree = "<group>"; };
		B05F06421C996AEF0048BB13 /* Assets.xcassets */ = {isa = PBXFileReference; lastKnownFileType = folder.assetcatalog; path = Assets.xcassets; sourceTree = "<group>"; };
		B05F06451C996AEF0048BB13 /* Base */ = {isa = PBXFileReference; lastKnownFileType = file.storyboard; name = Base; path = Base.lproj/LaunchScreen.storyboard; sourceTree = "<group>"; };
		B05F06471C996AEF0048BB13 /* Info.plist */ = {isa = PBXFileReference; lastKnownFileType = text.plist.xml; path = Info.plist; sourceTree = "<group>"; };
		B05F064C1C996AEF0048BB13 /* TFNetworkTests.xctest */ = {isa = PBXFileReference; explicitFileType = wrapper.cfbundle; includeInIndex = 0; path = TFNetworkTests.xctest; sourceTree = BUILT_PRODUCTS_DIR; };
		B05F06501C996AEF0048BB13 /* TFNetworkTests.m */ = {isa = PBXFileReference; lastKnownFileType = sourcecode.c.objc; path = TFNetworkTests.m; sourceTree = "<group>"; };
		B05F06521C996AEF0048BB13 /* Info.plist */ = {isa = PBXFileReference; lastKnownFileType = text.plist.xml; path = Info.plist; sourceTree = "<group>"; };
		B05F06571C996AEF0048BB13 /* TFNetworkUITests.xctest */ = {isa = PBXFileReference; explicitFileType = wrapper.cfbundle; includeInIndex = 0; path = TFNetworkUITests.xctest; sourceTree = BUILT_PRODUCTS_DIR; };
		B05F065B1C996AEF0048BB13 /* TFNetworkUITests.m */ = {isa = PBXFileReference; lastKnownFileType = sourcecode.c.objc; path = TFNetworkUITests.m; sourceTree = "<group>"; };
		B05F065D1C996AEF0048BB13 /* Info.plist */ = {isa = PBXFileReference; lastKnownFileType = text.plist.xml; path = Info.plist; sourceTree = "<group>"; };
		B05F066B1C996D090048BB13 /* TFBaseRequest.h */ = {isa = PBXFileReference; fileEncoding = 4; lastKnownFileType = sourcecode.c.h; path = TFBaseRequest.h; sourceTree = "<group>"; };
		B05F066C1C996D090048BB13 /* TFBaseRequest.m */ = {isa = PBXFileReference; fileEncoding = 4; lastKnownFileType = sourcecode.c.objc; path = TFBaseRequest.m; sourceTree = "<group>"; };
		B05F066E1C996D2B0048BB13 /* TFBatchRequest.h */ = {isa = PBXFileReference; fileEncoding = 4; lastKnownFileType = sourcecode.c.h; path = TFBatchRequest.h; sourceTree = "<group>"; };
		B05F066F1C996D2B0048BB13 /* TFBatchRequest.m */ = {isa = PBXFileReference; fileEncoding = 4; lastKnownFileType = sourcecode.c.objc; path = TFBatchRequest.m; sourceTree = "<group>"; };
		B05F06711C996D420048BB13 /* TFBatchRequestAgent.h */ = {isa = PBXFileReference; fileEncoding = 4; lastKnownFileType = sourcecode.c.h; path = TFBatchRequestAgent.h; sourceTree = "<group>"; };
		B05F06721C996D420048BB13 /* TFBatchRequestAgent.m */ = {isa = PBXFileReference; fileEncoding = 4; lastKnownFileType = sourcecode.c.objc; path = TFBatchRequestAgent.m; sourceTree = "<group>"; };
		B05F06741C996D690048BB13 /* TFChainRequest.h */ = {isa = PBXFileReference; fileEncoding = 4; lastKnownFileType = sourcecode.c.h; path = TFChainRequest.h; sourceTree = "<group>"; };
		B05F06751C996D690048BB13 /* TFChainRequest.m */ = {isa = PBXFileReference; fileEncoding = 4; lastKnownFileType = sourcecode.c.objc; path = TFChainRequest.m; sourceTree = "<group>"; };
		B05F06771C996D780048BB13 /* TFChainRequestAgent.h */ = {isa = PBXFileReference; fileEncoding = 4; lastKnownFileType = sourcecode.c.h; path = TFChainRequestAgent.h; sourceTree = "<group>"; };
		B05F06781C996D780048BB13 /* TFChainRequestAgent.m */ = {isa = PBXFileReference; fileEncoding = 4; lastKnownFileType = sourcecode.c.objc; path = TFChainRequestAgent.m; sourceTree = "<group>"; };
		B05F067A1C996D890048BB13 /* TFNetworkAgent.h */ = {isa = PBXFileReference; fileEncoding = 4; lastKnownFileType = sourcecode.c.h; path = TFNetworkAgent.h; sourceTree = "<group>"; };
		B05F067B1C996D890048BB13 /* TFNetworkAgent.m */ = {isa = PBXFileReference; fileEncoding = 4; lastKnownFileType = sourcecode.c.objc; path = TFNetworkAgent.m; sourceTree = "<group>"; };
		B05F067D1C996D9F0048BB13 /* TFNetworkConfig.h */ = {isa = PBXFileReference; fileEncoding = 4; lastKnownFileType = sourcecode.c.h; path = TFNetworkConfig.h; sourceTree = "<group>"; };
		B05F067E1C996D9F0048BB13 /* TFNetworkConfig.m */ = {isa = PBXFileReference; fileEncoding = 4; lastKnownFileType = sourcecode.c.objc; path = TFNetworkConfig.m; sourceTree = "<group>"; };
		B05F06801C996DB50048BB13 /* TFNetworkPrivate.h */ = {isa = PBXFileReference; fileEncoding = 4; lastKnownFileType = sourcecode.c.h; path = TFNetworkPrivate.h; sourceTree = "<group>"; };
		B05F06811C996DB50048BB13 /* TFNetworkPrivate.m */ = {isa = PBXFileReference; fileEncoding = 4; lastKnownFileType = sourcecode.c.objc; path = TFNetworkPrivate.m; sourceTree = "<group>"; };
		B05F06831C996DC80048BB13 /* TFRequest.h */ = {isa = PBXFileReference; fileEncoding = 4; lastKnownFileType = sourcecode.c.h; path = TFRequest.h; sourceTree = "<group>"; };
		B05F06841C996DC80048BB13 /* TFRequest.m */ = {isa = PBXFileReference; fileEncoding = 4; lastKnownFileType = sourcecode.c.objc; path = TFRequest.m; sourceTree = "<group>"; };
		B05F068A1C9A7DBB0048BB13 /* GetWeiBoData.h */ = {isa = PBXFileReference; fileEncoding = 4; lastKnownFileType = sourcecode.c.h; path = GetWeiBoData.h; sourceTree = "<group>"; };
		B05F068B1C9A7DBB0048BB13 /* GetWeiBoData.m */ = {isa = PBXFileReference; fileEncoding = 4; lastKnownFileType = sourcecode.c.objc; path = GetWeiBoData.m; sourceTree = "<group>"; };
		B05F068D1C9A9D5B0048BB13 /* NSData+TFNGZIP.h */ = {isa = PBXFileReference; fileEncoding = 4; lastKnownFileType = sourcecode.c.h; path = "NSData+TFNGZIP.h"; sourceTree = "<group>"; };
		B05F068E1C9A9D5B0048BB13 /* NSData+TFNGZIP.m */ = {isa = PBXFileReference; fileEncoding = 4; lastKnownFileType = sourcecode.c.objc; path = "NSData+TFNGZIP.m"; sourceTree = "<group>"; };
		B09DD4171C9ABA39008F6B5A /* UserModel.h */ = {isa = PBXFileReference; fileEncoding = 4; lastKnownFileType = sourcecode.c.h; path = UserModel.h; sourceTree = "<group>"; };
		B09DD4181C9ABA39008F6B5A /* UserModel.m */ = {isa = PBXFileReference; fileEncoding = 4; lastKnownFileType = sourcecode.c.objc; path = UserModel.m; sourceTree = "<group>"; };
		B09DD41A1C9ABF17008F6B5A /* TFRequestProtocol.h */ = {isa = PBXFileReference; fileEncoding = 4; lastKnownFileType = sourcecode.c.h; path = TFRequestProtocol.h; sourceTree = "<group>"; };
		B09DD41B1C9AC7D7008F6B5A /* RegisterUser.h */ = {isa = PBXFileReference; fileEncoding = 4; lastKnownFileType = sourcecode.c.h; path = RegisterUser.h; sourceTree = "<group>"; };
		B09DD41C1C9AC7D7008F6B5A /* RegisterUser.m */ = {isa = PBXFileReference; fileEncoding = 4; lastKnownFileType = sourcecode.c.objc; path = RegisterUser.m; sourceTree = "<group>"; };
		B09DD41E1C9AD432008F6B5A /* TFUrlArgumentsFilter.h */ = {isa = PBXFileReference; fileEncoding = 4; lastKnownFileType = sourcecode.c.h; path = TFUrlArgumentsFilter.h; sourceTree = "<group>"; };
		B09DD41F1C9AD432008F6B5A /* TFUrlArgumentsFilter.m */ = {isa = PBXFileReference; fileEncoding = 4; lastKnownFileType = sourcecode.c.objc; path = TFUrlArgumentsFilter.m; sourceTree = "<group>"; };
		B5172462E095D1F05FBB9294 /* Pods.debug.xcconfig */ = {isa = PBXFileReference; includeInIndex = 1; lastKnownFileType = text.xcconfig; name = Pods.debug.xcconfig; path = "Pods/Target Support Files/Pods/Pods.debug.xcconfig"; sourceTree = "<group>"; };
		CF9198138FB7E7BCD30DD0CA /* Pods.release.xcconfig */ = {isa = PBXFileReference; includeInIndex = 1; lastKnownFileType = text.xcconfig; name = Pods.release.xcconfig; path = "Pods/Target Support Files/Pods/Pods.release.xcconfig"; sourceTree = "<group>"; };
/* End PBXFileReference section */

/* Begin PBXFrameworksBuildPhase section */
		B05F06301C996AEF0048BB13 /* Frameworks */ = {
			isa = PBXFrameworksBuildPhase;
			buildActionMask = 2147483647;
			files = (
				88ACEA41EB63C6290A16BA05 /* libPods.a in Frameworks */,
			);
			runOnlyForDeploymentPostprocessing = 0;
		};
		B05F06491C996AEF0048BB13 /* Frameworks */ = {
			isa = PBXFrameworksBuildPhase;
			buildActionMask = 2147483647;
			files = (
			);
			runOnlyForDeploymentPostprocessing = 0;
		};
		B05F06541C996AEF0048BB13 /* Frameworks */ = {
			isa = PBXFrameworksBuildPhase;
			buildActionMask = 2147483647;
			files = (
			);
			runOnlyForDeploymentPostprocessing = 0;
		};
/* End PBXFrameworksBuildPhase section */

/* Begin PBXGroup section */
		3716F15BF3BFA95FAC0E671C /* Frameworks */ = {
			isa = PBXGroup;
			children = (
				213B8D2E5271A02E3BD03986 /* libPods.a */,
			);
			name = Frameworks;
			sourceTree = "<group>";
		};
		B05F062A1C996AEF0048BB13 = {
			isa = PBXGroup;
			children = (
				B05F06351C996AEF0048BB13 /* TFNetwork */,
				B05F064F1C996AEF0048BB13 /* TFNetworkTests */,
				B05F065A1C996AEF0048BB13 /* TFNetworkUITests */,
				B05F06341C996AEF0048BB13 /* Products */,
				E50ECE9AF940821AD66ED368 /* Pods */,
				3716F15BF3BFA95FAC0E671C /* Frameworks */,
			);
			sourceTree = "<group>";
		};
		B05F06341C996AEF0048BB13 /* Products */ = {
			isa = PBXGroup;
			children = (
				B05F06331C996AEF0048BB13 /* TFNetwork.app */,
				B05F064C1C996AEF0048BB13 /* TFNetworkTests.xctest */,
				B05F06571C996AEF0048BB13 /* TFNetworkUITests.xctest */,
			);
			name = Products;
			sourceTree = "<group>";
		};
		B05F06351C996AEF0048BB13 /* TFNetwork */ = {
			isa = PBXGroup;
			children = (
				B05F06691C996CFB0048BB13 /* TFNetwork */,
				B05F06391C996AEF0048BB13 /* AppDelegate.h */,
				B05F063A1C996AEF0048BB13 /* AppDelegate.m */,
				B05F063C1C996AEF0048BB13 /* ViewController.h */,
				B05F063D1C996AEF0048BB13 /* ViewController.m */,
				B05F063F1C996AEF0048BB13 /* Main.storyboard */,
				B05F06421C996AEF0048BB13 /* Assets.xcassets */,
				B05F06441C996AEF0048BB13 /* LaunchScreen.storyboard */,
				B05F06471C996AEF0048BB13 /* Info.plist */,
				B05F06361C996AEF0048BB13 /* Supporting Files */,
				B05F068A1C9A7DBB0048BB13 /* GetWeiBoData.h */,
				B05F068B1C9A7DBB0048BB13 /* GetWeiBoData.m */,
				B09DD4171C9ABA39008F6B5A /* UserModel.h */,
				B09DD4181C9ABA39008F6B5A /* UserModel.m */,
				B09DD41B1C9AC7D7008F6B5A /* RegisterUser.h */,
				B09DD41C1C9AC7D7008F6B5A /* RegisterUser.m */,
				B09DD41E1C9AD432008F6B5A /* TFUrlArgumentsFilter.h */,
				B09DD41F1C9AD432008F6B5A /* TFUrlArgumentsFilter.m */,
			);
			path = TFNetwork;
			sourceTree = "<group>";
		};
		B05F06361C996AEF0048BB13 /* Supporting Files */ = {
			isa = PBXGroup;
			children = (
				B05F06371C996AEF0048BB13 /* main.m */,
			);
			name = "Supporting Files";
			sourceTree = "<group>";
		};
		B05F064F1C996AEF0048BB13 /* TFNetworkTests */ = {
			isa = PBXGroup;
			children = (
				B05F06501C996AEF0048BB13 /* TFNetworkTests.m */,
				B05F06521C996AEF0048BB13 /* Info.plist */,
			);
			path = TFNetworkTests;
			sourceTree = "<group>";
		};
		B05F065A1C996AEF0048BB13 /* TFNetworkUITests */ = {
			isa = PBXGroup;
			children = (
				B05F065B1C996AEF0048BB13 /* TFNetworkUITests.m */,
				B05F065D1C996AEF0048BB13 /* Info.plist */,
			);
			path = TFNetworkUITests;
			sourceTree = "<group>";
		};
		B05F06691C996CFB0048BB13 /* TFNetwork */ = {
			isa = PBXGroup;
			children = (
				B05F066B1C996D090048BB13 /* TFBaseRequest.h */,
				B05F066C1C996D090048BB13 /* TFBaseRequest.m */,
				B05F066E1C996D2B0048BB13 /* TFBatchRequest.h */,
				B05F066F1C996D2B0048BB13 /* TFBatchRequest.m */,
				B05F06711C996D420048BB13 /* TFBatchRequestAgent.h */,
				B05F06721C996D420048BB13 /* TFBatchRequestAgent.m */,
				B05F06741C996D690048BB13 /* TFChainRequest.h */,
				B05F06751C996D690048BB13 /* TFChainRequest.m */,
				B05F06771C996D780048BB13 /* TFChainRequestAgent.h */,
				B05F06781C996D780048BB13 /* TFChainRequestAgent.m */,
				B05F067A1C996D890048BB13 /* TFNetworkAgent.h */,
				B05F067B1C996D890048BB13 /* TFNetworkAgent.m */,
				B05F067D1C996D9F0048BB13 /* TFNetworkConfig.h */,
				B05F067E1C996D9F0048BB13 /* TFNetworkConfig.m */,
				B05F06801C996DB50048BB13 /* TFNetworkPrivate.h */,
				B05F06811C996DB50048BB13 /* TFNetworkPrivate.m */,
				B05F06831C996DC80048BB13 /* TFRequest.h */,
				B05F06841C996DC80048BB13 /* TFRequest.m */,
				B05F068D1C9A9D5B0048BB13 /* NSData+TFNGZIP.h */,
				B05F068E1C9A9D5B0048BB13 /* NSData+TFNGZIP.m */,
				B09DD41A1C9ABF17008F6B5A /* TFRequestProtocol.h */,
				B03133111CB49E07005E4E3D /* TFNetwork.h */,
			);
			path = TFNetwork;
			sourceTree = "<group>";
		};
		E50ECE9AF940821AD66ED368 /* Pods */ = {
			isa = PBXGroup;
			children = (
				B5172462E095D1F05FBB9294 /* Pods.debug.xcconfig */,
				CF9198138FB7E7BCD30DD0CA /* Pods.release.xcconfig */,
			);
			name = Pods;
			sourceTree = "<group>";
		};
/* End PBXGroup section */

/* Begin PBXNativeTarget section */
		B05F06321C996AEF0048BB13 /* TFNetwork */ = {
			isa = PBXNativeTarget;
			buildConfigurationList = B05F06601C996AEF0048BB13 /* Build configuration list for PBXNativeTarget "TFNetwork" */;
			buildPhases = (
				EB6E1580CF7F52559653D282 /* Check Pods Manifest.lock */,
				B05F062F1C996AEF0048BB13 /* Sources */,
				B05F06301C996AEF0048BB13 /* Frameworks */,
				B05F06311C996AEF0048BB13 /* Resources */,
				02560F8557A1B08836035EE9 /* Embed Pods Frameworks */,
				012EF0835A866E3866800978 /* Copy Pods Resources */,
			);
			buildRules = (
			);
			dependencies = (
			);
			name = TFNetwork;
			productName = TFNetwork;
			productReference = B05F06331C996AEF0048BB13 /* TFNetwork.app */;
			productType = "com.apple.product-type.application";
		};
		B05F064B1C996AEF0048BB13 /* TFNetworkTests */ = {
			isa = PBXNativeTarget;
			buildConfigurationList = B05F06631C996AEF0048BB13 /* Build configuration list for PBXNativeTarget "TFNetworkTests" */;
			buildPhases = (
				B05F06481C996AEF0048BB13 /* Sources */,
				B05F06491C996AEF0048BB13 /* Frameworks */,
				B05F064A1C996AEF0048BB13 /* Resources */,
			);
			buildRules = (
			);
			dependencies = (
				B05F064E1C996AEF0048BB13 /* PBXTargetDependency */,
			);
			name = TFNetworkTests;
			productName = TFNetworkTests;
			productReference = B05F064C1C996AEF0048BB13 /* TFNetworkTests.xctest */;
			productType = "com.apple.product-type.bundle.unit-test";
		};
		B05F06561C996AEF0048BB13 /* TFNetworkUITests */ = {
			isa = PBXNativeTarget;
			buildConfigurationList = B05F06661C996AEF0048BB13 /* Build configuration list for PBXNativeTarget "TFNetworkUITests" */;
			buildPhases = (
				B05F06531C996AEF0048BB13 /* Sources */,
				B05F06541C996AEF0048BB13 /* Frameworks */,
				B05F06551C996AEF0048BB13 /* Resources */,
			);
			buildRules = (
			);
			dependencies = (
				B05F06591C996AEF0048BB13 /* PBXTargetDependency */,
			);
			name = TFNetworkUITests;
			productName = TFNetworkUITests;
			productReference = B05F06571C996AEF0048BB13 /* TFNetworkUITests.xctest */;
			productType = "com.apple.product-type.bundle.ui-testing";
		};
/* End PBXNativeTarget section */

/* Begin PBXProject section */
		B05F062B1C996AEF0048BB13 /* Project object */ = {
			isa = PBXProject;
			attributes = {
				LastUpgradeCheck = 0720;
				ORGANIZATIONNAME = TimeFace;
				TargetAttributes = {
					B05F06321C996AEF0048BB13 = {
						CreatedOnToolsVersion = 7.2.1;
					};
					B05F064B1C996AEF0048BB13 = {
						CreatedOnToolsVersion = 7.2.1;
						TestTargetID = B05F06321C996AEF0048BB13;
					};
					B05F06561C996AEF0048BB13 = {
						CreatedOnToolsVersion = 7.2.1;
						TestTargetID = B05F06321C996AEF0048BB13;
					};
				};
			};
			buildConfigurationList = B05F062E1C996AEF0048BB13 /* Build configuration list for PBXProject "TFNetwork" */;
			compatibilityVersion = "Xcode 3.2";
			developmentRegion = English;
			hasScannedForEncodings = 0;
			knownRegions = (
				en,
				Base,
			);
			mainGroup = B05F062A1C996AEF0048BB13;
			productRefGroup = B05F06341C996AEF0048BB13 /* Products */;
			projectDirPath = "";
			projectRoot = "";
			targets = (
				B05F06321C996AEF0048BB13 /* TFNetwork */,
				B05F064B1C996AEF0048BB13 /* TFNetworkTests */,
				B05F06561C996AEF0048BB13 /* TFNetworkUITests */,
			);
		};
/* End PBXProject section */

/* Begin PBXResourcesBuildPhase section */
		B05F06311C996AEF0048BB13 /* Resources */ = {
			isa = PBXResourcesBuildPhase;
			buildActionMask = 2147483647;
			files = (
				B05F06461C996AEF0048BB13 /* LaunchScreen.storyboard in Resources */,
				B05F06431C996AEF0048BB13 /* Assets.xcassets in Resources */,
				B05F06411C996AEF0048BB13 /* Main.storyboard in Resources */,
			);
			runOnlyForDeploymentPostprocessing = 0;
		};
		B05F064A1C996AEF0048BB13 /* Resources */ = {
			isa = PBXResourcesBuildPhase;
			buildActionMask = 2147483647;
			files = (
			);
			runOnlyForDeploymentPostprocessing = 0;
		};
		B05F06551C996AEF0048BB13 /* Resources */ = {
			isa = PBXResourcesBuildPhase;
			buildActionMask = 2147483647;
			files = (
			);
			runOnlyForDeploymentPostprocessing = 0;
		};
/* End PBXResourcesBuildPhase section */

/* Begin PBXShellScriptBuildPhase section */
		012EF0835A866E3866800978 /* Copy Pods Resources */ = {
			isa = PBXShellScriptBuildPhase;
			buildActionMask = 2147483647;
			files = (
			);
			inputPaths = (
			);
			name = "Copy Pods Resources";
			outputPaths = (
			);
			runOnlyForDeploymentPostprocessing = 0;
			shellPath = /bin/sh;
			shellScript = "\"${SRCROOT}/Pods/Target Support Files/Pods/Pods-resources.sh\"\n";
			showEnvVarsInLog = 0;
		};
		02560F8557A1B08836035EE9 /* Embed Pods Frameworks */ = {
			isa = PBXShellScriptBuildPhase;
			buildActionMask = 2147483647;
			files = (
			);
			inputPaths = (
			);
			name = "Embed Pods Frameworks";
			outputPaths = (
			);
			runOnlyForDeploymentPostprocessing = 0;
			shellPath = /bin/sh;
			shellScript = "\"${SRCROOT}/Pods/Target Support Files/Pods/Pods-frameworks.sh\"\n";
			showEnvVarsInLog = 0;
		};
		EB6E1580CF7F52559653D282 /* Check Pods Manifest.lock */ = {
			isa = PBXShellScriptBuildPhase;
			buildActionMask = 2147483647;
			files = (
			);
			inputPaths = (
			);
			name = "Check Pods Manifest.lock";
			outputPaths = (
			);
			runOnlyForDeploymentPostprocessing = 0;
			shellPath = /bin/sh;
			shellScript = "diff \"${PODS_ROOT}/../Podfile.lock\" \"${PODS_ROOT}/Manifest.lock\" > /dev/null\nif [[ $? != 0 ]] ; then\n    cat << EOM\nerror: The sandbox is not in sync with the Podfile.lock. Run 'pod install' or update your CocoaPods installation.\nEOM\n    exit 1\nfi\n";
			showEnvVarsInLog = 0;
		};
/* End PBXShellScriptBuildPhase section */

/* Begin PBXSourcesBuildPhase section */
		B05F062F1C996AEF0048BB13 /* Sources */ = {
			isa = PBXSourcesBuildPhase;
			buildActionMask = 2147483647;
			files = (
				B05F06821C996DB50048BB13 /* TFNetworkPrivate.m in Sources */,
				B05F06851C996DC80048BB13 /* TFRequest.m in Sources */,
				B05F068C1C9A7DBB0048BB13 /* GetWeiBoData.m in Sources */,
				B05F066D1C996D090048BB13 /* TFBaseRequest.m in Sources */,
				B09DD4201C9AD432008F6B5A /* TFUrlArgumentsFilter.m in Sources */,
				B05F06701C996D2B0048BB13 /* TFBatchRequest.m in Sources */,
				B05F06761C996D690048BB13 /* TFChainRequest.m in Sources */,
				B05F063E1C996AEF0048BB13 /* ViewController.m in Sources */,
				B05F063B1C996AEF0048BB13 /* AppDelegate.m in Sources */,
				B05F06791C996D780048BB13 /* TFChainRequestAgent.m in Sources */,
				B05F068F1C9A9D5B0048BB13 /* NSData+TFNGZIP.m in Sources */,
				B05F067C1C996D890048BB13 /* TFNetworkAgent.m in Sources */,
				B09DD4191C9ABA39008F6B5A /* UserModel.m in Sources */,
				B05F06731C996D420048BB13 /* TFBatchRequestAgent.m in Sources */,
				B09DD41D1C9AC7D7008F6B5A /* RegisterUser.m in Sources */,
				B05F067F1C996D9F0048BB13 /* TFNetworkConfig.m in Sources */,
				B05F06381C996AEF0048BB13 /* main.m in Sources */,
			);
			runOnlyForDeploymentPostprocessing = 0;
		};
		B05F06481C996AEF0048BB13 /* Sources */ = {
			isa = PBXSourcesBuildPhase;
			buildActionMask = 2147483647;
			files = (
				B05F06511C996AEF0048BB13 /* TFNetworkTests.m in Sources */,
			);
			runOnlyForDeploymentPostprocessing = 0;
		};
		B05F06531C996AEF0048BB13 /* Sources */ = {
			isa = PBXSourcesBuildPhase;
			buildActionMask = 2147483647;
			files = (
				B05F065C1C996AEF0048BB13 /* TFNetworkUITests.m in Sources */,
			);
			runOnlyForDeploymentPostprocessing = 0;
		};
/* End PBXSourcesBuildPhase section */

/* Begin PBXTargetDependency section */
		B05F064E1C996AEF0048BB13 /* PBXTargetDependency */ = {
			isa = PBXTargetDependency;
			target = B05F06321C996AEF0048BB13 /* TFNetwork */;
			targetProxy = B05F064D1C996AEF0048BB13 /* PBXContainerItemProxy */;
		};
		B05F06591C996AEF0048BB13 /* PBXTargetDependency */ = {
			isa = PBXTargetDependency;
			target = B05F06321C996AEF0048BB13 /* TFNetwork */;
			targetProxy = B05F06581C996AEF0048BB13 /* PBXContainerItemProxy */;
		};
/* End PBXTargetDependency section */

/* Begin PBXVariantGroup section */
		B05F063F1C996AEF0048BB13 /* Main.storyboard */ = {
			isa = PBXVariantGroup;
			children = (
				B05F06401C996AEF0048BB13 /* Base */,
			);
			name = Main.storyboard;
			sourceTree = "<group>";
		};
		B05F06441C996AEF0048BB13 /* LaunchScreen.storyboard */ = {
			isa = PBXVariantGroup;
			children = (
				B05F06451C996AEF0048BB13 /* Base */,
			);
			name = LaunchScreen.storyboard;
			sourceTree = "<group>";
		};
/* End PBXVariantGroup section */

/* Begin XCBuildConfiguration section */
		B05F065E1C996AEF0048BB13 /* Debug */ = {
			isa = XCBuildConfiguration;
			buildSettings = {
				ALWAYS_SEARCH_USER_PATHS = NO;
				CLANG_CXX_LANGUAGE_STANDARD = "gnu++0x";
				CLANG_CXX_LIBRARY = "libc++";
				CLANG_ENABLE_MODULES = YES;
				CLANG_ENABLE_OBJC_ARC = YES;
				CLANG_WARN_BOOL_CONVERSION = YES;
				CLANG_WARN_CONSTANT_CONVERSION = YES;
				CLANG_WARN_DIRECT_OBJC_ISA_USAGE = YES_ERROR;
				CLANG_WARN_EMPTY_BODY = YES;
				CLANG_WARN_ENUM_CONVERSION = YES;
				CLANG_WARN_INT_CONVERSION = YES;
				CLANG_WARN_OBJC_ROOT_CLASS = YES_ERROR;
				CLANG_WARN_UNREACHABLE_CODE = YES;
				CLANG_WARN__DUPLICATE_METHOD_MATCH = YES;
				"CODE_SIGN_IDENTITY[sdk=iphoneos*]" = "iPhone Developer";
				COPY_PHASE_STRIP = NO;
				DEBUG_INFORMATION_FORMAT = dwarf;
				ENABLE_STRICT_OBJC_MSGSEND = YES;
				ENABLE_TESTABILITY = YES;
				GCC_C_LANGUAGE_STANDARD = gnu99;
				GCC_DYNAMIC_NO_PIC = NO;
				GCC_NO_COMMON_BLOCKS = YES;
				GCC_OPTIMIZATION_LEVEL = 0;
				GCC_PREPROCESSOR_DEFINITIONS = (
					"DEBUG=1",
					"$(inherited)",
				);
				GCC_WARN_64_TO_32_BIT_CONVERSION = YES;
				GCC_WARN_ABOUT_RETURN_TYPE = YES_ERROR;
				GCC_WARN_UNDECLARED_SELECTOR = YES;
				GCC_WARN_UNINITIALIZED_AUTOS = YES_AGGRESSIVE;
				GCC_WARN_UNUSED_FUNCTION = YES;
				GCC_WARN_UNUSED_VARIABLE = YES;
				IPHONEOS_DEPLOYMENT_TARGET = 8.0;
				MTL_ENABLE_DEBUG_INFO = YES;
				ONLY_ACTIVE_ARCH = YES;
				SDKROOT = iphoneos;
			};
			name = Debug;
		};
		B05F065F1C996AEF0048BB13 /* Release */ = {
			isa = XCBuildConfiguration;
			buildSettings = {
				ALWAYS_SEARCH_USER_PATHS = NO;
				CLANG_CXX_LANGUAGE_STANDARD = "gnu++0x";
				CLANG_CXX_LIBRARY = "libc++";
				CLANG_ENABLE_MODULES = YES;
				CLANG_ENABLE_OBJC_ARC = YES;
				CLANG_WARN_BOOL_CONVERSION = YES;
				CLANG_WARN_CONSTANT_CONVERSION = YES;
				CLANG_WARN_DIRECT_OBJC_ISA_USAGE = YES_ERROR;
				CLANG_WARN_EMPTY_BODY = YES;
				CLANG_WARN_ENUM_CONVERSION = YES;
				CLANG_WARN_INT_CONVERSION = YES;
				CLANG_WARN_OBJC_ROOT_CLASS = YES_ERROR;
				CLANG_WARN_UNREACHABLE_CODE = YES;
				CLANG_WARN__DUPLICATE_METHOD_MATCH = YES;
				"CODE_SIGN_IDENTITY[sdk=iphoneos*]" = "iPhone Developer";
				COPY_PHASE_STRIP = NO;
				DEBUG_INFORMATION_FORMAT = "dwarf-with-dsym";
				ENABLE_NS_ASSERTIONS = NO;
				ENABLE_STRICT_OBJC_MSGSEND = YES;
				GCC_C_LANGUAGE_STANDARD = gnu99;
				GCC_NO_COMMON_BLOCKS = YES;
				GCC_WARN_64_TO_32_BIT_CONVERSION = YES;
				GCC_WARN_ABOUT_RETURN_TYPE = YES_ERROR;
				GCC_WARN_UNDECLARED_SELECTOR = YES;
				GCC_WARN_UNINITIALIZED_AUTOS = YES_AGGRESSIVE;
				GCC_WARN_UNUSED_FUNCTION = YES;
				GCC_WARN_UNUSED_VARIABLE = YES;
				IPHONEOS_DEPLOYMENT_TARGET = 8.0;
				MTL_ENABLE_DEBUG_INFO = NO;
				SDKROOT = iphoneos;
				VALIDATE_PRODUCT = YES;
			};
			name = Release;
		};
		B05F06611C996AEF0048BB13 /* Debug */ = {
			isa = XCBuildConfiguration;
			baseConfigurationReference = B5172462E095D1F05FBB9294 /* Pods.debug.xcconfig */;
			buildSettings = {
				ASSETCATALOG_COMPILER_APPICON_NAME = AppIcon;
				INFOPLIST_FILE = TFNetwork/Info.plist;
				LD_RUNPATH_SEARCH_PATHS = "$(inherited) @executable_path/Frameworks";
				PRODUCT_BUNDLE_IDENTIFIER = cn.timeface.base.TFNetwork;
				PRODUCT_NAME = "$(TARGET_NAME)";
			};
			name = Debug;
		};
		B05F06621C996AEF0048BB13 /* Release */ = {
			isa = XCBuildConfiguration;
			baseConfigurationReference = CF9198138FB7E7BCD30DD0CA /* Pods.release.xcconfig */;
			buildSettings = {
				ASSETCATALOG_COMPILER_APPICON_NAME = AppIcon;
				INFOPLIST_FILE = TFNetwork/Info.plist;
				LD_RUNPATH_SEARCH_PATHS = "$(inherited) @executable_path/Frameworks";
				PRODUCT_BUNDLE_IDENTIFIER = cn.timeface.base.TFNetwork;
				PRODUCT_NAME = "$(TARGET_NAME)";
			};
			name = Release;
		};
		B05F06641C996AEF0048BB13 /* Debug */ = {
			isa = XCBuildConfiguration;
			buildSettings = {
				BUNDLE_LOADER = "$(TEST_HOST)";
				INFOPLIST_FILE = TFNetworkTests/Info.plist;
				LD_RUNPATH_SEARCH_PATHS = "$(inherited) @executable_path/Frameworks @loader_path/Frameworks";
				PRODUCT_BUNDLE_IDENTIFIER = cn.timeface.base.TFNetworkTests;
				PRODUCT_NAME = "$(TARGET_NAME)";
				TEST_HOST = "$(BUILT_PRODUCTS_DIR)/TFNetwork.app/TFNetwork";
			};
			name = Debug;
		};
		B05F06651C996AEF0048BB13 /* Release */ = {
			isa = XCBuildConfiguration;
			buildSettings = {
				BUNDLE_LOADER = "$(TEST_HOST)";
				INFOPLIST_FILE = TFNetworkTests/Info.plist;
				LD_RUNPATH_SEARCH_PATHS = "$(inherited) @executable_path/Frameworks @loader_path/Frameworks";
				PRODUCT_BUNDLE_IDENTIFIER = cn.timeface.base.TFNetworkTests;
				PRODUCT_NAME = "$(TARGET_NAME)";
				TEST_HOST = "$(BUILT_PRODUCTS_DIR)/TFNetwork.app/TFNetwork";
			};
			name = Release;
		};
		B05F06671C996AEF0048BB13 /* Debug */ = {
			isa = XCBuildConfiguration;
			buildSettings = {
				INFOPLIST_FILE = TFNetworkUITests/Info.plist;
				LD_RUNPATH_SEARCH_PATHS = "$(inherited) @executable_path/Frameworks @loader_path/Frameworks";
				PRODUCT_BUNDLE_IDENTIFIER = cn.timeface.base.TFNetworkUITests;
				PRODUCT_NAME = "$(TARGET_NAME)";
				TEST_TARGET_NAME = TFNetwork;
				USES_XCTRUNNER = YES;
			};
			name = Debug;
		};
		B05F06681C996AEF0048BB13 /* Release */ = {
			isa = XCBuildConfiguration;
			buildSettings = {
				INFOPLIST_FILE = TFNetworkUITests/Info.plist;
				LD_RUNPATH_SEARCH_PATHS = "$(inherited) @executable_path/Frameworks @loader_path/Frameworks";
				PRODUCT_BUNDLE_IDENTIFIER = cn.timeface.base.TFNetworkUITests;
				PRODUCT_NAME = "$(TARGET_NAME)";
				TEST_TARGET_NAME = TFNetwork;
				USES_XCTRUNNER = YES;
			};
			name = Release;
		};
/* End XCBuildConfiguration section */

/* Begin XCConfigurationList section */
		B05F062E1C996AEF0048BB13 /* Build configuration list for PBXProject "TFNetwork" */ = {
			isa = XCConfigurationList;
			buildConfigurations = (
				B05F065E1C996AEF0048BB13 /* Debug */,
				B05F065F1C996AEF0048BB13 /* Release */,
			);
			defaultConfigurationIsVisible = 0;
			defaultConfigurationName = Release;
		};
		B05F06601C996AEF0048BB13 /* Build configuration list for PBXNativeTarget "TFNetwork" */ = {
			isa = XCConfigurationList;
			buildConfigurations = (
				B05F06611C996AEF0048BB13 /* Debug */,
				B05F06621C996AEF0048BB13 /* Release */,
			);
			defaultConfigurationIsVisible = 0;
			defaultConfigurationName = Release;
		};
		B05F06631C996AEF0048BB13 /* Build configuration list for PBXNativeTarget "TFNetworkTests" */ = {
			isa = XCConfigurationList;
			buildConfigurations = (
				B05F06641C996AEF0048BB13 /* Debug */,
				B05F06651C996AEF0048BB13 /* Release */,
			);
			defaultConfigurationIsVisible = 0;
			defaultConfigurationName = Release;
		};
		B05F06661C996AEF0048BB13 /* Build configuration list for PBXNativeTarget "TFNetworkUITests" */ = {
			isa = XCConfigurationList;
			buildConfigurations = (
				B05F06671C996AEF0048BB13 /* Debug */,
				B05F06681C996AEF0048BB13 /* Release */,
			);
			defaultConfigurationIsVisible = 0;
			defaultConfigurationName = Release;
		};
/* End XCConfigurationList section */
	};
	rootObject = B05F062B1C996AEF0048BB13 /* Project object */;
}
